
Microsoft Visual Studio Solution File, Format Version 12.00
# Visual Studio Version 16
VisualStudioVersion = 16.0.31105.61
MinimumVisualStudioVersion = 10.0.40219.1
Project("{FAE04EC0-301F-11D3-BF4B-00C04F79EFBC}") = "VideoWallpaper", "VideoWallpaper\VideoWallpaper.csproj", "{FC268694-1A48-4C28-8CDD-5308FFB02CBE}"
EndProject
Global
	GlobalSection(SolutionConfigurationPlatforms) = preSolution
		Debug|Any CPU = Debug|Any CPU
		Release|Any CPU = Release|Any CPU
	EndGlobalSection
	GlobalSection(ProjectConfigurationPlatforms) = postSolution
		{FC268694-1A48-4C28-8CDD-5308FFB02CBE}.Debug|Any CPU.ActiveCfg = Debug|Any CPU
		{FC268694-1A48-4C28-8CDD-5308FFB02CBE}.Debug|Any CPU.Build.0 = Debug|Any CPU
		{FC268694-1A48-4C28-8CDD-5308FFB02CBE}.Release|Any CPU.ActiveCfg = Release|Any CPU
		{FC268694-1A48-4C28-8CDD-5308FFB02CBE}.Release|Any CPU.Build.0 = Release|Any CPU
	EndGlobalSection
	GlobalSection(SolutionProperties) = preSolution
		HideSolutionNode = FALSE
	EndGlobalSection
	GlobalSection(ExtensibilityGlobals) = postSolution
		SolutionGuid = {3D1FC9CE-6C0A-4AD9-A9AE-FBEEE886F971}
	EndGlobalSection
EndGlobal
